
Microsoft Visual Studio Solution File, Format Version 12.00
# Visual Studio Version 17
VisualStudioVersion = 17.9.34728.123
MinimumVisualStudioVersion = 10.0.40219.1
Project("{FAE04EC0-301F-11D3-BF4B-00C04F79EFBC}") = "Calculator Task", "Calculator Task\Calculator Task.csproj", "{A1B7020B-141C-456D-B226-3C6A78EFCDCB}"
EndProject
Global
	GlobalSection(SolutionConfigurationPlatforms) = preSolution
		Debug|Any CPU = Debug|Any CPU
		Release|Any CPU = Release|Any CPU
	EndGlobalSection
	GlobalSection(ProjectConfigurationPlatforms) = postSolution
		{A1B7020B-141C-456D-B226-3C6A78EFCDCB}.Debug|Any CPU.ActiveCfg = Debug|Any CPU
		{A1B7020B-141C-456D-B226-3C6A78EFCDCB}.Debug|Any CPU.Build.0 = Debug|Any CPU
		{A1B7020B-141C-456D-B226-3C6A78EFCDCB}.Release|Any CPU.ActiveCfg = Release|Any CPU
		{A1B7020B-141C-456D-B226-3C6A78EFCDCB}.Release|Any CPU.Build.0 = Release|Any CPU
	EndGlobalSection
	GlobalSection(SolutionProperties) = preSolution
		HideSolutionNode = FALSE
	EndGlobalSection
	GlobalSection(ExtensibilityGlobals) = postSolution
		SolutionGuid = {D248584D-AC17-4629-A3B1-F4D1ACC052AA}
	EndGlobalSection
EndGlobal
